
Microsoft Visual Studio Solution File, Format Version 12.00
# Visual Studio Version 17
VisualStudioVersion = 17.4.33110.190
MinimumVisualStudioVersion = 10.0.40219.1
Project("{FAE04EC0-301F-11D3-BF4B-00C04F79EFBC}") = "DemoQRCode", "DemoQRCode\DemoQRCode.csproj", "{4ED2262D-FCEB-4523-A9A9-63F61E0DA857}"
EndProject
Global
	GlobalSection(SolutionConfigurationPlatforms) = preSolution
		Debug|Any CPU = Debug|Any CPU
		Release|Any CPU = Release|Any CPU
	EndGlobalSection
	GlobalSection(ProjectConfigurationPlatforms) = postSolution
		{4ED2262D-FCEB-4523-A9A9-63F61E0DA857}.Debug|Any CPU.ActiveCfg = Debug|Any CPU
		{4ED2262D-FCEB-4523-A9A9-63F61E0DA857}.Debug|Any CPU.Build.0 = Debug|Any CPU
		{4ED2262D-FCEB-4523-A9A9-63F61E0DA857}.Release|Any CPU.ActiveCfg = Release|Any CPU
		{4ED2262D-FCEB-4523-A9A9-63F61E0DA857}.Release|Any CPU.Build.0 = Release|Any CPU
	EndGlobalSection
	GlobalSection(SolutionProperties) = preSolution
		HideSolutionNode = FALSE
	EndGlobalSection
	GlobalSection(ExtensibilityGlobals) = postSolution
		SolutionGuid = {5D8128A2-AE10-43FC-A8D7-8F9FFEB1BF7C}
	EndGlobalSection
EndGlobal
